// !$*UTF8*$!
{
	archiveVersion = 1;
	classes = {
	};
	objectVersion = 56;
	objects = {

/* Begin PBXBuildFile section */
		1E983EB26AE1A55894A5107C /* Pods_ios_to_do_list.framework in Frameworks */ = {isa = PBXBuildFile; fileRef = 061E37B8700F2756A3351020 /* Pods_ios_to_do_list.framework */; };
		DF81DC462A5AA6AD00010CDC /* AppDelegate.swift in Sources */ = {isa = PBXBuildFile; fileRef = DF81DC452A5AA6AD00010CDC /* AppDelegate.swift */; };
		DF81DC482A5AA6AD00010CDC /* SceneDelegate.swift in Sources */ = {isa = PBXBuildFile; fileRef = DF81DC472A5AA6AD00010CDC /* SceneDelegate.swift */; };
		DF81DC4A2A5AA6AD00010CDC /* ViewController.swift in Sources */ = {isa = PBXBuildFile; fileRef = DF81DC492A5AA6AD00010CDC /* ViewController.swift */; };
		DF81DC4D2A5AA6AD00010CDC /* Main.storyboard in Resources */ = {isa = PBXBuildFile; fileRef = DF81DC4B2A5AA6AD00010CDC /* Main.storyboard */; };
		DF81DC4F2A5AA6AF00010CDC /* Assets.xcassets in Resources */ = {isa = PBXBuildFile; fileRef = DF81DC4E2A5AA6AF00010CDC /* Assets.xcassets */; };
		DF81DC522A5AA6AF00010CDC /* LaunchScreen.storyboard in Resources */ = {isa = PBXBuildFile; fileRef = DF81DC502A5AA6AF00010CDC /* LaunchScreen.storyboard */; };
/* End PBXBuildFile section */

/* Begin PBXFileReference section */
		061E37B8700F2756A3351020 /* Pods_ios_to_do_list.framework */ = {isa = PBXFileReference; explicitFileType = wrapper.framework; includeInIndex = 0; path = Pods_ios_to_do_list.framework; sourceTree = BUILT_PRODUCTS_DIR; };
		0AA0704E1332782340FCB2B2 /* Pods-ios_to-do_list.release.xcconfig */ = {isa = PBXFileReference; includeInIndex = 1; lastKnownFileType = text.xcconfig; name = "Pods-ios_to-do_list.release.xcconfig"; path = "Target Support Files/Pods-ios_to-do_list/Pods-ios_to-do_list.release.xcconfig"; sourceTree = "<group>"; };
		995262B9F66763F61BC5FECB /* Pods-ios_to-do_list.debug.xcconfig */ = {isa = PBXFileReference; includeInIndex = 1; lastKnownFileType = text.xcconfig; name = "Pods-ios_to-do_list.debug.xcconfig"; path = "Target Support Files/Pods-ios_to-do_list/Pods-ios_to-do_list.debug.xcconfig"; sourceTree = "<group>"; };
		DF81DC422A5AA6AD00010CDC /* ios_to-do_list.app */ = {isa = PBXFileReference; explicitFileType = wrapper.application; includeInIndex = 0; path = "ios_to-do_list.app"; sourceTree = BUILT_PRODUCTS_DIR; };
		DF81DC452A5AA6AD00010CDC /* AppDelegate.swift */ = {isa = PBXFileReference; lastKnownFileType = sourcecode.swift; path = AppDelegate.swift; sourceTree = "<group>"; };
		DF81DC472A5AA6AD00010CDC /* SceneDelegate.swift */ = {isa = PBXFileReference; lastKnownFileType = sourcecode.swift; path = SceneDelegate.swift; sourceTree = "<group>"; };
		DF81DC492A5AA6AD00010CDC /* ViewController.swift */ = {isa = PBXFileReference; lastKnownFileType = sourcecode.swift; path = ViewController.swift; sourceTree = "<group>"; };
		DF81DC4C2A5AA6AD00010CDC /* Base */ = {isa = PBXFileReference; lastKnownFileType = file.storyboard; name = Base; path = Base.lproj/Main.storyboard; sourceTree = "<group>"; };
		DF81DC4E2A5AA6AF00010CDC /* Assets.xcassets */ = {isa = PBXFileReference; lastKnownFileType = folder.assetcatalog; path = Assets.xcassets; sourceTree = "<group>"; };
		DF81DC512A5AA6AF00010CDC /* Base */ = {isa = PBXFileReference; lastKnownFileType = file.storyboard; name = Base; path = Base.lproj/LaunchScreen.storyboard; sourceTree = "<group>"; };
		DF81DC532A5AA6AF00010CDC /* Info.plist */ = {isa = PBXFileReference; lastKnownFileType = text.plist.xml; path = Info.plist; sourceTree = "<group>"; };
/* End PBXFileReference section */

/* Begin PBXFrameworksBuildPhase section */
		DF81DC3F2A5AA6AD00010CDC /* Frameworks */ = {
			isa = PBXFrameworksBuildPhase;
			buildActionMask = 2147483647;
			files = (
				1E983EB26AE1A55894A5107C /* Pods_ios_to_do_list.framework in Frameworks */,
			);
			runOnlyForDeploymentPostprocessing = 0;
		};
/* End PBXFrameworksBuildPhase section */

/* Begin PBXGroup section */
		205BF5401F2206E8F4DC0C40 /* Frameworks */ = {
			isa = PBXGroup;
			children = (
				061E37B8700F2756A3351020 /* Pods_ios_to_do_list.framework */,
			);
			name = Frameworks;
			sourceTree = "<group>";
		};
		7B9B43B5CC0B2C1DD06F2E22 /* Pods */ = {
			isa = PBXGroup;
			children = (
				995262B9F66763F61BC5FECB /* Pods-ios_to-do_list.debug.xcconfig */,
				0AA0704E1332782340FCB2B2 /* Pods-ios_to-do_list.release.xcconfig */,
			);
			path = Pods;
			sourceTree = "<group>";
		};
		DF81DC392A5AA6AD00010CDC = {
			isa = PBXGroup;
			children = (
				DF81DC442A5AA6AD00010CDC /* ios_to-do_list */,
				DF81DC432A5AA6AD00010CDC /* Products */,
				7B9B43B5CC0B2C1DD06F2E22 /* Pods */,
				205BF5401F2206E8F4DC0C40 /* Frameworks */,
			);
			sourceTree = "<group>";
		};
		DF81DC432A5AA6AD00010CDC /* Products */ = {
			isa = PBXGroup;
			children = (
				DF81DC422A5AA6AD00010CDC /* ios_to-do_list.app */,
			);
			name = Products;
			sourceTree = "<group>";
		};
		DF81DC442A5AA6AD00010CDC /* ios_to-do_list */ = {
			isa = PBXGroup;
			children = (
				DF81DC452A5AA6AD00010CDC /* AppDelegate.swift */,
				DF81DC472A5AA6AD00010CDC /* SceneDelegate.swift */,
				DF81DC492A5AA6AD00010CDC /* ViewController.swift */,
				DF81DC4B2A5AA6AD00010CDC /* Main.storyboard */,
				DF81DC4E2A5AA6AF00010CDC /* Assets.xcassets */,
				DF81DC502A5AA6AF00010CDC /* LaunchScreen.storyboard */,
				DF81DC532A5AA6AF00010CDC /* Info.plist */,
			);
			path = "ios_to-do_list";
			sourceTree = "<group>";
		};
/* End PBXGroup section */

/* Begin PBXNativeTarget section */
		DF81DC412A5AA6AD00010CDC /* ios_to-do_list */ = {
			isa = PBXNativeTarget;
			buildConfigurationList = DF81DC562A5AA6AF00010CDC /* Build configuration list for PBXNativeTarget "ios_to-do_list" */;
			buildPhases = (
				C78966B21BDCF4E9AD0CCA47 /* [CP] Check Pods Manifest.lock */,
				DF81DC3E2A5AA6AD00010CDC /* Sources */,
				DF81DC3F2A5AA6AD00010CDC /* Frameworks */,
				DF81DC402A5AA6AD00010CDC /* Resources */,
				DF81DC592A5AA85500010CDC /* Install SwiftLint */,
			);
			buildRules = (
			);
			dependencies = (
			);
			name = "ios_to-do_list";
			productName = "ios_to-do_list";
			productReference = DF81DC422A5AA6AD00010CDC /* ios_to-do_list.app */;
			productType = "com.apple.product-type.application";
		};
/* End PBXNativeTarget section */

/* Begin PBXProject section */
		DF81DC3A2A5AA6AD00010CDC /* Project object */ = {
			isa = PBXProject;
			attributes = {
				BuildIndependentTargetsInParallel = 1;
				LastSwiftUpdateCheck = 1420;
				LastUpgradeCheck = 1420;
				TargetAttributes = {
					DF81DC412A5AA6AD00010CDC = {
						CreatedOnToolsVersion = 14.2;
					};
				};
			};
			buildConfigurationList = DF81DC3D2A5AA6AD00010CDC /* Build configuration list for PBXProject "ios_to-do_list" */;
			compatibilityVersion = "Xcode 14.0";
			developmentRegion = en;
			hasScannedForEncodings = 0;
			knownRegions = (
				en,
				Base,
			);
			mainGroup = DF81DC392A5AA6AD00010CDC;
			productRefGroup = DF81DC432A5AA6AD00010CDC /* Products */;
			projectDirPath = "";
			projectRoot = "";
			targets = (
				DF81DC412A5AA6AD00010CDC /* ios_to-do_list */,
			);
		};
/* End PBXProject section */

/* Begin PBXResourcesBuildPhase section */
		DF81DC402A5AA6AD00010CDC /* Resources */ = {
			isa = PBXResourcesBuildPhase;
			buildActionMask = 2147483647;
			files = (
				DF81DC522A5AA6AF00010CDC /* LaunchScreen.storyboard in Resources */,
				DF81DC4F2A5AA6AF00010CDC /* Assets.xcassets in Resources */,
				DF81DC4D2A5AA6AD00010CDC /* Main.storyboard in Resources */,
			);
			runOnlyForDeploymentPostprocessing = 0;
		};
/* End PBXResourcesBuildPhase section */

/* Begin PBXShellScriptBuildPhase section */
		C78966B21BDCF4E9AD0CCA47 /* [CP] Check Pods Manifest.lock */ = {
			isa = PBXShellScriptBuildPhase;
			buildActionMask = 2147483647;
			files = (
			);
			inputFileListPaths = (
			);
			inputPaths = (
				"${PODS_PODFILE_DIR_PATH}/Podfile.lock",
				"${PODS_ROOT}/Manifest.lock",
			);
			name = "[CP] Check Pods Manifest.lock";
			outputFileListPaths = (
			);
			outputPaths = (
				"$(DERIVED_FILE_DIR)/Pods-ios_to-do_list-checkManifestLockResult.txt",
			);
			runOnlyForDeploymentPostprocessing = 0;
			shellPath = /bin/sh;
			shellScript = "diff \"${PODS_PODFILE_DIR_PATH}/Podfile.lock\" \"${PODS_ROOT}/Manifest.lock\" > /dev/null\nif [ $? != 0 ] ; then\n    # print error to STDERR\n    echo \"error: The sandbox is not in sync with the Podfile.lock. Run 'pod install' or update your CocoaPods installation.\" >&2\n    exit 1\nfi\n# This output is used by Xcode 'outputs' to avoid re-running this script phase.\necho \"SUCCESS\" > \"${SCRIPT_OUTPUT_FILE_0}\"\n";
			showEnvVarsInLog = 0;
		};
		DF81DC592A5AA85500010CDC /* Install SwiftLint */ = {
			isa = PBXShellScriptBuildPhase;
			buildActionMask = 2147483647;
			files = (
			);
			inputFileListPaths = (
			);
			inputPaths = (
			);
			name = "Install SwiftLint";
			outputFileListPaths = (
			);
			outputPaths = (
			);
			runOnlyForDeploymentPostprocessing = 0;
			shellPath = /bin/sh;
			shellScript = "# Type a script or drag a script file from your workspace to insert its path.\n\nif which swiftlint > /dev/null; then\n  swiftlint\nelse\n  echo \"warning: SwiftLint not installed, download from https://github.com/realm/SwiftLint\"\nfi\n";
		};
/* End PBXShellScriptBuildPhase section */

/* Begin PBXSourcesBuildPhase section */
		DF81DC3E2A5AA6AD00010CDC /* Sources */ = {
			isa = PBXSourcesBuildPhase;
			buildActionMask = 2147483647;
			files = (
				DF81DC4A2A5AA6AD00010CDC /* ViewController.swift in Sources */,
				DF81DC462A5AA6AD00010CDC /* AppDelegate.swift in Sources */,
				DF81DC482A5AA6AD00010CDC /* SceneDelegate.swift in Sources */,
			);
			runOnlyForDeploymentPostprocessing = 0;
		};
/* End PBXSourcesBuildPhase section */

/* Begin PBXVariantGroup section */
		DF81DC4B2A5AA6AD00010CDC /* Main.storyboard */ = {
			isa = PBXVariantGroup;
			children = (
				DF81DC4C2A5AA6AD00010CDC /* Base */,
			);
			name = Main.storyboard;
			sourceTree = "<group>";
		};
		DF81DC502A5AA6AF00010CDC /* LaunchScreen.storyboard */ = {
			isa = PBXVariantGroup;
			children = (
				DF81DC512A5AA6AF00010CDC /* Base */,
			);
			name = LaunchScreen.storyboard;
			sourceTree = "<group>";
		};
/* End PBXVariantGroup section */

/* Begin XCBuildConfiguration section */
		DF81DC542A5AA6AF00010CDC /* Debug */ = {
			isa = XCBuildConfiguration;
			buildSettings = {
				ALWAYS_SEARCH_USER_PATHS = NO;
				CLANG_ANALYZER_NONNULL = YES;
				CLANG_ANALYZER_NUMBER_OBJECT_CONVERSION = YES_AGGRESSIVE;
				CLANG_CXX_LANGUAGE_STANDARD = "gnu++20";
				CLANG_ENABLE_MODULES = YES;
				CLANG_ENABLE_OBJC_ARC = YES;
				CLANG_ENABLE_OBJC_WEAK = YES;
				CLANG_WARN_BLOCK_CAPTURE_AUTORELEASING = YES;
				CLANG_WARN_BOOL_CONVERSION = YES;
				CLANG_WARN_COMMA = YES;
				CLANG_WARN_CONSTANT_CONVERSION = YES;
				CLANG_WARN_DEPRECATED_OBJC_IMPLEMENTATIONS = YES;
				CLANG_WARN_DIRECT_OBJC_ISA_USAGE = YES_ERROR;
				CLANG_WARN_DOCUMENTATION_COMMENTS = YES;
				CLANG_WARN_EMPTY_BODY = YES;
				CLANG_WARN_ENUM_CONVERSION = YES;
				CLANG_WARN_INFINITE_RECURSION = YES;
				CLANG_WARN_INT_CONVERSION = YES;
				CLANG_WARN_NON_LITERAL_NULL_CONVERSION = YES;
				CLANG_WARN_OBJC_IMPLICIT_RETAIN_SELF = YES;
				CLANG_WARN_OBJC_LITERAL_CONVERSION = YES;
				CLANG_WARN_OBJC_ROOT_CLASS = YES_ERROR;
				CLANG_WARN_QUOTED_INCLUDE_IN_FRAMEWORK_HEADER = YES;
				CLANG_WARN_RANGE_LOOP_ANALYSIS = YES;
				CLANG_WARN_STRICT_PROTOTYPES = YES;
				CLANG_WARN_SUSPICIOUS_MOVE = YES;
				CLANG_WARN_UNGUARDED_AVAILABILITY = YES_AGGRESSIVE;
				CLANG_WARN_UNREACHABLE_CODE = YES;
				CLANG_WARN__DUPLICATE_METHOD_MATCH = YES;
				COPY_PHASE_STRIP = NO;
				DEBUG_INFORMATION_FORMAT = dwarf;
				ENABLE_STRICT_OBJC_MSGSEND = YES;
				ENABLE_TESTABILITY = YES;
				GCC_C_LANGUAGE_STANDARD = gnu11;
				GCC_DYNAMIC_NO_PIC = NO;
				GCC_NO_COMMON_BLOCKS = YES;
				GCC_OPTIMIZATION_LEVEL = 0;
				GCC_PREPROCESSOR_DEFINITIONS = (
					"DEBUG=1",
					"$(inherited)",
				);
				GCC_WARN_64_TO_32_BIT_CONVERSION = YES;
				GCC_WARN_ABOUT_RETURN_TYPE = YES_ERROR;
				GCC_WARN_UNDECLARED_SELECTOR = YES;
				GCC_WARN_UNINITIALIZED_AUTOS = YES_AGGRESSIVE;
				GCC_WARN_UNUSED_FUNCTION = YES;
				GCC_WARN_UNUSED_VARIABLE = YES;
				IPHONEOS_DEPLOYMENT_TARGET = 16.2;
				MTL_ENABLE_DEBUG_INFO = INCLUDE_SOURCE;
				MTL_FAST_MATH = YES;
				ONLY_ACTIVE_ARCH = YES;
				SDKROOT = iphoneos;
				SWIFT_ACTIVE_COMPILATION_CONDITIONS = DEBUG;
				SWIFT_OPTIMIZATION_LEVEL = "-Onone";
			};
			name = Debug;
		};
		DF81DC552A5AA6AF00010CDC /* Release */ = {
			isa = XCBuildConfiguration;
			buildSettings = {
				ALWAYS_SEARCH_USER_PATHS = NO;
				CLANG_ANALYZER_NONNULL = YES;
				CLANG_ANALYZER_NUMBER_OBJECT_CONVERSION = YES_AGGRESSIVE;
				CLANG_CXX_LANGUAGE_STANDARD = "gnu++20";
				CLANG_ENABLE_MODULES = YES;
				CLANG_ENABLE_OBJC_ARC = YES;
				CLANG_ENABLE_OBJC_WEAK = YES;
				CLANG_WARN_BLOCK_CAPTURE_AUTORELEASING = YES;
				CLANG_WARN_BOOL_CONVERSION = YES;
				CLANG_WARN_COMMA = YES;
				CLANG_WARN_CONSTANT_CONVERSION = YES;
				CLANG_WARN_DEPRECATED_OBJC_IMPLEMENTATIONS = YES;
				CLANG_WARN_DIRECT_OBJC_ISA_USAGE = YES_ERROR;
				CLANG_WARN_DOCUMENTATION_COMMENTS = YES;
				CLANG_WARN_EMPTY_BODY = YES;
				CLANG_WARN_ENUM_CONVERSION = YES;
				CLANG_WARN_INFINITE_RECURSION = YES;
				CLANG_WARN_INT_CONVERSION = YES;
				CLANG_WARN_NON_LITERAL_NULL_CONVERSION = YES;
				CLANG_WARN_OBJC_IMPLICIT_RETAIN_SELF = YES;
				CLANG_WARN_OBJC_LITERAL_CONVERSION = YES;
				CLANG_WARN_OBJC_ROOT_CLASS = YES_ERROR;
				CLANG_WARN_QUOTED_INCLUDE_IN_FRAMEWORK_HEADER = YES;
				CLANG_WARN_RANGE_LOOP_ANALYSIS = YES;
				CLANG_WARN_STRICT_PROTOTYPES = YES;
				CLANG_WARN_SUSPICIOUS_MOVE = YES;
				CLANG_WARN_UNGUARDED_AVAILABILITY = YES_AGGRESSIVE;
				CLANG_WARN_UNREACHABLE_CODE = YES;
				CLANG_WARN__DUPLICATE_METHOD_MATCH = YES;
				COPY_PHASE_STRIP = NO;
				DEBUG_INFORMATION_FORMAT = "dwarf-with-dsym";
				ENABLE_NS_ASSERTIONS = NO;
				ENABLE_STRICT_OBJC_MSGSEND = YES;
				GCC_C_LANGUAGE_STANDARD = gnu11;
				GCC_NO_COMMON_BLOCKS = YES;
				GCC_WARN_64_TO_32_BIT_CONVERSION = YES;
				GCC_WARN_ABOUT_RETURN_TYPE = YES_ERROR;
				GCC_WARN_UNDECLARED_SELECTOR = YES;
				GCC_WARN_UNINITIALIZED_AUTOS = YES_AGGRESSIVE;
				GCC_WARN_UNUSED_FUNCTION = YES;
				GCC_WARN_UNUSED_VARIABLE = YES;
				IPHONEOS_DEPLOYMENT_TARGET = 16.2;
				MTL_ENABLE_DEBUG_INFO = NO;
				MTL_FAST_MATH = YES;
				SDKROOT = iphoneos;
				SWIFT_COMPILATION_MODE = wholemodule;
				SWIFT_OPTIMIZATION_LEVEL = "-O";
				VALIDATE_PRODUCT = YES;
			};
			name = Release;
		};
		DF81DC572A5AA6AF00010CDC /* Debug */ = {
			isa = XCBuildConfiguration;
			baseConfigurationReference = 995262B9F66763F61BC5FECB /* Pods-ios_to-do_list.debug.xcconfig */;
			buildSettings = {
				ASSETCATALOG_COMPILER_APPICON_NAME = AppIcon;
				ASSETCATALOG_COMPILER_GLOBAL_ACCENT_COLOR_NAME = AccentColor;
				CODE_SIGN_STYLE = Automatic;
				CURRENT_PROJECT_VERSION = 1;
				DEVELOPMENT_TEAM = QW4XF2Y493;
				GENERATE_INFOPLIST_FILE = YES;
				INFOPLIST_FILE = "ios_to-do_list/Info.plist";
				INFOPLIST_KEY_UIApplicationSupportsIndirectInputEvents = YES;
				INFOPLIST_KEY_UILaunchStoryboardName = LaunchScreen;
				INFOPLIST_KEY_UIMainStoryboardFile = Main;
				INFOPLIST_KEY_UISupportedInterfaceOrientations_iPad = "UIInterfaceOrientationPortrait UIInterfaceOrientationPortraitUpsideDown UIInterfaceOrientationLandscapeLeft UIInterfaceOrientationLandscapeRight";
				INFOPLIST_KEY_UISupportedInterfaceOrientations_iPhone = "UIInterfaceOrientationPortrait UIInterfaceOrientationLandscapeLeft UIInterfaceOrientationLandscapeRight";
				IPHONEOS_DEPLOYMENT_TARGET = 13.0;
				LD_RUNPATH_SEARCH_PATHS = (
					"$(inherited)",
					"@executable_path/Frameworks",
				);
				MARKETING_VERSION = 1.0;
				PRODUCT_BUNDLE_IDENTIFIER = "com.Turacle.ios-to-do-list";
				PRODUCT_NAME = "$(TARGET_NAME)";
				SWIFT_EMIT_LOC_STRINGS = YES;
				SWIFT_VERSION = 5.0;
				TARGETED_DEVICE_FAMILY = "1,2";
			};
			name = Debug;
		};
		DF81DC582A5AA6AF00010CDC /* Release */ = {
			isa = XCBuildConfiguration;
			baseConfigurationReference = 0AA0704E1332782340FCB2B2 /* Pods-ios_to-do_list.release.xcconfig */;
			buildSettings = {
				ASSETCATALOG_COMPILER_APPICON_NAME = AppIcon;
				ASSETCATALOG_COMPILER_GLOBAL_ACCENT_COLOR_NAME = AccentColor;
				CODE_SIGN_STYLE = Automatic;
				CURRENT_PROJECT_VERSION = 1;
				DEVELOPMENT_TEAM = QW4XF2Y493;
				GENERATE_INFOPLIST_FILE = YES;
				INFOPLIST_FILE = "ios_to-do_list/Info.plist";
				INFOPLIST_KEY_UIApplicationSupportsIndirectInputEvents = YES;
				INFOPLIST_KEY_UILaunchStoryboardName = LaunchScreen;
				INFOPLIST_KEY_UIMainStoryboardFile = Main;
				INFOPLIST_KEY_UISupportedInterfaceOrientations_iPad = "UIInterfaceOrientationPortrait UIInterfaceOrientationPortraitUpsideDown UIInterfaceOrientationLandscapeLeft UIInterfaceOrientationLandscapeRight";
				INFOPLIST_KEY_UISupportedInterfaceOrientations_iPhone = "UIInterfaceOrientationPortrait UIInterfaceOrientationLandscapeLeft UIInterfaceOrientationLandscapeRight";
				IPHONEOS_DEPLOYMENT_TARGET = 13.0;
				LD_RUNPATH_SEARCH_PATHS = (
					"$(inherited)",
					"@executable_path/Frameworks",
				);
				MARKETING_VERSION = 1.0;
				PRODUCT_BUNDLE_IDENTIFIER = "com.Turacle.ios-to-do-list";
				PRODUCT_NAME = "$(TARGET_NAME)";
				SWIFT_EMIT_LOC_STRINGS = YES;
				SWIFT_VERSION = 5.0;
				TARGETED_DEVICE_FAMILY = "1,2";
			};
			name = Release;
		};
/* End XCBuildConfiguration section */

/* Begin XCConfigurationList section */
		DF81DC3D2A5AA6AD00010CDC /* Build configuration list for PBXProject "ios_to-do_list" */ = {
			isa = XCConfigurationList;
			buildConfigurations = (
				DF81DC542A5AA6AF00010CDC /* Debug */,
				DF81DC552A5AA6AF00010CDC /* Release */,
			);
			defaultConfigurationIsVisible = 0;
			defaultConfigurationName = Release;
		};
		DF81DC562A5AA6AF00010CDC /* Build configuration list for PBXNativeTarget "ios_to-do_list" */ = {
			isa = XCConfigurationList;
			buildConfigurations = (
				DF81DC572A5AA6AF00010CDC /* Debug */,
				DF81DC582A5AA6AF00010CDC /* Release */,
			);
			defaultConfigurationIsVisible = 0;
			defaultConfigurationName = Release;
		};
/* End XCConfigurationList section */
	};
	rootObject = DF81DC3A2A5AA6AD00010CDC /* Project object */;
}
